
Microsoft Visual Studio Solution File, Format Version 12.00
# Visual Studio Version 16
VisualStudioVersion = 16.0.29418.71
MinimumVisualStudioVersion = 10.0.40219.1
Project("{FAE04EC0-301F-11D3-BF4B-00C04F79EFBC}") = "MeshEdit", "Src\MeshEdit.csproj", "{4E768EE3-816D-4EAB-A108-DD9244626FD1}"
EndProject
Global
	GlobalSection(SolutionConfigurationPlatforms) = preSolution
		Debug|Any CPU = Debug|Any CPU
		Release|Any CPU = Release|Any CPU
	EndGlobalSection
	GlobalSection(ProjectConfigurationPlatforms) = postSolution
		{4E768EE3-816D-4EAB-A108-DD9244626FD1}.Debug|Any CPU.ActiveCfg = Debug|x86
		{4E768EE3-816D-4EAB-A108-DD9244626FD1}.Debug|Any CPU.Build.0 = Debug|x86
		{4E768EE3-816D-4EAB-A108-DD9244626FD1}.Release|Any CPU.ActiveCfg = Release|x86
		{4E768EE3-816D-4EAB-A108-DD9244626FD1}.Release|Any CPU.Build.0 = Release|x86
	EndGlobalSection
	GlobalSection(SolutionProperties) = preSolution
		HideSolutionNode = FALSE
	EndGlobalSection
	GlobalSection(ExtensibilityGlobals) = postSolution
		SolutionGuid = {CAA81FB3-B1CA-47B1-9CD5-A97503067067}
	EndGlobalSection
EndGlobal
